
Microsoft Visual Studio Solution File, Format Version 12.00
# Visual Studio Version 17
VisualStudioVersion = 17.10.35122.118
MinimumVisualStudioVersion = 10.0.40219.1
Project("{FAE04EC0-301F-11D3-BF4B-00C04F79EFBC}") = "GD12_1133_Lab1_Maddie_Li", "GD12_1133_Lab1_Maddie_Li.csproj", "{A0DD4774-04B6-413B-B573-98899A93D57A}"
EndProject
Global
	GlobalSection(SolutionConfigurationPlatforms) = preSolution
		Debug|Any CPU = Debug|Any CPU
		Release|Any CPU = Release|Any CPU
	EndGlobalSection
	GlobalSection(ProjectConfigurationPlatforms) = postSolution
		{A0DD4774-04B6-413B-B573-98899A93D57A}.Debug|Any CPU.ActiveCfg = Debug|Any CPU
		{A0DD4774-04B6-413B-B573-98899A93D57A}.Debug|Any CPU.Build.0 = Debug|Any CPU
		{A0DD4774-04B6-413B-B573-98899A93D57A}.Release|Any CPU.ActiveCfg = Release|Any CPU
		{A0DD4774-04B6-413B-B573-98899A93D57A}.Release|Any CPU.Build.0 = Release|Any CPU
	EndGlobalSection
	GlobalSection(SolutionProperties) = preSolution
		HideSolutionNode = FALSE
	EndGlobalSection
	GlobalSection(ExtensibilityGlobals) = postSolution
		SolutionGuid = {266E6542-B0D3-4B20-ABFB-2ACF510CF70A}
	EndGlobalSection
EndGlobal
